# This file is automatically @generated by Cargo.
# It is not intended for manual editing.
version = 4

[[package]]
name = "cargo-mvl"
version = "0.1.2"
dependencies = [
 "mvl-rust-core",
]

[[package]]
name = "mvl-rust-core"
version = "0.1.2"

[[package]]
name = "rust-effect"
version = "0.1.2"
dependencies = [
 "mvl-rust-core",
]

[[package]]
name = "rust-ifc"
version = "0.1.2"
dependencies = [
 "mvl-rust-core",
]

[[package]]
name = "rust-limit"
version = "0.1.2"
dependencies = [
 "mvl-rust-core",
]

[[package]]
name = "rust-refine"
version = "0.1.2"
dependencies = [
 "mvl-rust-core",
]

[[package]]
name = "rust-total"
version = "0.1.2"
dependencies = [
 "mvl-rust-core",
]
